
Microsoft Visual Studio Solution File, Format Version 12.00
# Visual Studio Version 17
VisualStudioVersion = 17.4.33122.133
MinimumVisualStudioVersion = 10.0.40219.1
Project("{9A19103F-16F7-4668-BE54-9A1E7A4F7556}") = "ProvaPub", "ProvaPub.csproj", "{2FBB1FEA-D6A3-4AE4-90BF-D760EB0FC6A7}"
EndProject
Global
	GlobalSection(SolutionConfigurationPlatforms) = preSolution
		Debug|Any CPU = Debug|Any CPU
		Release|Any CPU = Release|Any CPU
	EndGlobalSection
	GlobalSection(ProjectConfigurationPlatforms) = postSolution
		{2FBB1FEA-D6A3-4AE4-90BF-D760EB0FC6A7}.Debug|Any CPU.ActiveCfg = Debug|Any CPU
		{2FBB1FEA-D6A3-4AE4-90BF-D760EB0FC6A7}.Debug|Any CPU.Build.0 = Debug|Any CPU
		{2FBB1FEA-D6A3-4AE4-90BF-D760EB0FC6A7}.Release|Any CPU.ActiveCfg = Release|Any CPU
		{2FBB1FEA-D6A3-4AE4-90BF-D760EB0FC6A7}.Release|Any CPU.Build.0 = Release|Any CPU
	EndGlobalSection
	GlobalSection(SolutionProperties) = preSolution
		HideSolutionNode = FALSE
	EndGlobalSection
	GlobalSection(ExtensibilityGlobals) = postSolution
		SolutionGuid = {3E1D3675-7835-4B76-B9F4-711A8634DDBC}
	EndGlobalSection
EndGlobal
